
Microsoft Visual Studio Solution File, Format Version 12.00
# Visual Studio Version 17
VisualStudioVersion = 17.14.37203.1
MinimumVisualStudioVersion = 10.0.40219.1
Project("{FAE04EC0-301F-11D3-BF4B-00C04F79EFBC}") = "WebApi", "WebApi\WebApi.csproj", "{44D6028A-28CE-43A0-8B17-9C7EE1A25FEC}"
EndProject
Project("{FAE04EC0-301F-11D3-BF4B-00C04F79EFBC}") = "Service", "Service\Service.csproj", "{C04C3C69-FD22-415D-AE24-0CFBA6C5AD42}"
EndProject
Project("{FAE04EC0-301F-11D3-BF4B-00C04F79EFBC}") = "Repository", "Repository\Repository.csproj", "{CD46B4B6-357F-41AB-AFCA-F98128098B59}"
EndProject
Project("{FAE04EC0-301F-11D3-BF4B-00C04F79EFBC}") = "Core", "Core\Core.csproj", "{347A94BF-E117-4E22-990F-375C52441CC4}"
EndProject
Global
	GlobalSection(SolutionConfigurationPlatforms) = preSolution
		Debug|Any CPU = Debug|Any CPU
		Release|Any CPU = Release|Any CPU
	EndGlobalSection
	GlobalSection(ProjectConfigurationPlatforms) = postSolution
		{44D6028A-28CE-43A0-8B17-9C7EE1A25FEC}.Debug|Any CPU.ActiveCfg = Debug|Any CPU
		{44D6028A-28CE-43A0-8B17-9C7EE1A25FEC}.Debug|Any CPU.Build.0 = Debug|Any CPU
		{44D6028A-28CE-43A0-8B17-9C7EE1A25FEC}.Release|Any CPU.ActiveCfg = Release|Any CPU
		{44D6028A-28CE-43A0-8B17-9C7EE1A25FEC}.Release|Any CPU.Build.0 = Release|Any CPU
		{C04C3C69-FD22-415D-AE24-0CFBA6C5AD42}.Debug|Any CPU.ActiveCfg = Debug|Any CPU
		{C04C3C69-FD22-415D-AE24-0CFBA6C5AD42}.Debug|Any CPU.Build.0 = Debug|Any CPU
		{C04C3C69-FD22-415D-AE24-0CFBA6C5AD42}.Release|Any CPU.ActiveCfg = Release|Any CPU
		{C04C3C69-FD22-415D-AE24-0CFBA6C5AD42}.Release|Any CPU.Build.0 = Release|Any CPU
		{CD46B4B6-357F-41AB-AFCA-F98128098B59}.Debug|Any CPU.ActiveCfg = Debug|Any CPU
		{CD46B4B6-357F-41AB-AFCA-F98128098B59}.Debug|Any CPU.Build.0 = Debug|Any CPU
		{CD46B4B6-357F-41AB-AFCA-F98128098B59}.Release|Any CPU.ActiveCfg = Release|Any CPU
		{CD46B4B6-357F-41AB-AFCA-F98128098B59}.Release|Any CPU.Build.0 = Release|Any CPU
		{347A94BF-E117-4E22-990F-375C52441CC4}.Debug|Any CPU.ActiveCfg = Debug|Any CPU
		{347A94BF-E117-4E22-990F-375C52441CC4}.Debug|Any CPU.Build.0 = Debug|Any CPU
		{347A94BF-E117-4E22-990F-375C52441CC4}.Release|Any CPU.ActiveCfg = Release|Any CPU
		{347A94BF-E117-4E22-990F-375C52441CC4}.Release|Any CPU.Build.0 = Release|Any CPU
	EndGlobalSection
	GlobalSection(SolutionProperties) = preSolution
		HideSolutionNode = FALSE
	EndGlobalSection
	GlobalSection(ExtensibilityGlobals) = postSolution
		SolutionGuid = {B606BFAB-BECB-4D48-AC3B-90C78D0EF00A}
	EndGlobalSection
EndGlobal
